
{
  "name": "sparkleflow-crm",
  "version": "1.0.0",
  "lockfileVersion": 3,
  "requires": true,
  "packages": {
    "": {
      "name": "sparkleflow-crm",
      "version": "1.0.0",
      "dependencies": {
        "@google/genai": "^1.3.0",
        "react": "^19.0.0",
        "react-dom": "^19.0.0",
        "recharts": "^2.15.0"
      },
      "devDependencies": {
        "@types/react": "^19.0.0",
        "@types/react-dom": "^19.0.0",
        "@vitejs/plugin-react": "^4.3.4",
        "typescript": "^5.7.0",
        "vite": "^6.0.0"
      }
    }
  }
}
